
Microsoft Visual Studio Solution File, Format Version 12.00
# Visual Studio Version 16
VisualStudioVersion = 16.0.31702.278
MinimumVisualStudioVersion = 10.0.40219.1
Project("{FAE04EC0-301F-11D3-BF4B-00C04F79EFBC}") = "Henrique_Francisco_TP03_CS", "Henrique_Francisco_TP03_CS\Henrique_Francisco_TP03_CS.csproj", "{CB09E775-C4AC-473F-9E7D-0E4BEF2AAB5E}"
EndProject
Project("{FAE04EC0-301F-11D3-BF4B-00C04F79EFBC}") = "BibliotecaDeClasses", "BibliotecaDeClasses\BibliotecaDeClasses.csproj", "{336F29CB-123D-41A8-832A-D8261D008FE7}"
EndProject
Global
	GlobalSection(SolutionConfigurationPlatforms) = preSolution
		Debug|Any CPU = Debug|Any CPU
		Release|Any CPU = Release|Any CPU
	EndGlobalSection
	GlobalSection(ProjectConfigurationPlatforms) = postSolution
		{CB09E775-C4AC-473F-9E7D-0E4BEF2AAB5E}.Debug|Any CPU.ActiveCfg = Debug|Any CPU
		{CB09E775-C4AC-473F-9E7D-0E4BEF2AAB5E}.Debug|Any CPU.Build.0 = Debug|Any CPU
		{CB09E775-C4AC-473F-9E7D-0E4BEF2AAB5E}.Release|Any CPU.ActiveCfg = Release|Any CPU
		{CB09E775-C4AC-473F-9E7D-0E4BEF2AAB5E}.Release|Any CPU.Build.0 = Release|Any CPU
		{336F29CB-123D-41A8-832A-D8261D008FE7}.Debug|Any CPU.ActiveCfg = Debug|Any CPU
		{336F29CB-123D-41A8-832A-D8261D008FE7}.Debug|Any CPU.Build.0 = Debug|Any CPU
		{336F29CB-123D-41A8-832A-D8261D008FE7}.Release|Any CPU.ActiveCfg = Release|Any CPU
		{336F29CB-123D-41A8-832A-D8261D008FE7}.Release|Any CPU.Build.0 = Release|Any CPU
	EndGlobalSection
	GlobalSection(SolutionProperties) = preSolution
		HideSolutionNode = FALSE
	EndGlobalSection
	GlobalSection(ExtensibilityGlobals) = postSolution
		SolutionGuid = {A9E8B3D7-9560-46C6-BA1A-294147A14B16}
	EndGlobalSection
EndGlobal
